
Microsoft Visual Studio Solution File, Format Version 12.00
# Visual Studio Version 17
VisualStudioVersion = 17.7.34024.191
MinimumVisualStudioVersion = 10.0.40219.1
Project("{FAE04EC0-301F-11D3-BF4B-00C04F79EFBC}") = "prakstiskais10-4", "prakstiskais10-4\prakstiskais10-4.csproj", "{4C7B187A-32EA-419A-9C5F-FEBF81E5FCBD}"
EndProject
Global
	GlobalSection(SolutionConfigurationPlatforms) = preSolution
		Debug|Any CPU = Debug|Any CPU
		Release|Any CPU = Release|Any CPU
	EndGlobalSection
	GlobalSection(ProjectConfigurationPlatforms) = postSolution
		{4C7B187A-32EA-419A-9C5F-FEBF81E5FCBD}.Debug|Any CPU.ActiveCfg = Debug|Any CPU
		{4C7B187A-32EA-419A-9C5F-FEBF81E5FCBD}.Debug|Any CPU.Build.0 = Debug|Any CPU
		{4C7B187A-32EA-419A-9C5F-FEBF81E5FCBD}.Release|Any CPU.ActiveCfg = Release|Any CPU
		{4C7B187A-32EA-419A-9C5F-FEBF81E5FCBD}.Release|Any CPU.Build.0 = Release|Any CPU
	EndGlobalSection
	GlobalSection(SolutionProperties) = preSolution
		HideSolutionNode = FALSE
	EndGlobalSection
	GlobalSection(ExtensibilityGlobals) = postSolution
		SolutionGuid = {5E000056-975B-4CA7-9856-2996D843443C}
	EndGlobalSection
EndGlobal
